
Microsoft Visual Studio Solution File, Format Version 12.00
# Visual Studio Version 16
VisualStudioVersion = 16.0.29519.181
MinimumVisualStudioVersion = 10.0.40219.1
Project("{FAE04EC0-301F-11D3-BF4B-00C04F79EFBC}") = "CEFExcelClient", "CEFExcelClient\CEFExcelClient.csproj", "{46620910-FE5D-47DB-99BB-15C58D2A39A5}"
EndProject
Project("{9A19103F-16F7-4668-BE54-9A1E7A4F7556}") = "CefGlue", "CefGlue\CefGlue.csproj", "{709A4195-82CB-4CCE-A208-71D15CE57826}"
EndProject
Project("{FAE04EC0-301F-11D3-BF4B-00C04F79EFBC}") = "CefGlue.WindowsForms", "CefGlue.WindowsForms\CefGlue.WindowsForms.csproj", "{679AF14D-8FF5-4608-BFF8-EC1A7DED04A4}"
EndProject
Global
	GlobalSection(SolutionConfigurationPlatforms) = preSolution
		Debug|Any CPU = Debug|Any CPU
		Release|Any CPU = Release|Any CPU
	EndGlobalSection
	GlobalSection(ProjectConfigurationPlatforms) = postSolution
		{46620910-FE5D-47DB-99BB-15C58D2A39A5}.Debug|Any CPU.ActiveCfg = Debug|Any CPU
		{46620910-FE5D-47DB-99BB-15C58D2A39A5}.Debug|Any CPU.Build.0 = Debug|Any CPU
		{46620910-FE5D-47DB-99BB-15C58D2A39A5}.Release|Any CPU.ActiveCfg = Release|Any CPU
		{46620910-FE5D-47DB-99BB-15C58D2A39A5}.Release|Any CPU.Build.0 = Release|Any CPU
		{709A4195-82CB-4CCE-A208-71D15CE57826}.Debug|Any CPU.ActiveCfg = Debug|Any CPU
		{709A4195-82CB-4CCE-A208-71D15CE57826}.Debug|Any CPU.Build.0 = Debug|Any CPU
		{709A4195-82CB-4CCE-A208-71D15CE57826}.Release|Any CPU.ActiveCfg = Release|Any CPU
		{709A4195-82CB-4CCE-A208-71D15CE57826}.Release|Any CPU.Build.0 = Release|Any CPU
		{679AF14D-8FF5-4608-BFF8-EC1A7DED04A4}.Debug|Any CPU.ActiveCfg = Debug|Any CPU
		{679AF14D-8FF5-4608-BFF8-EC1A7DED04A4}.Debug|Any CPU.Build.0 = Debug|Any CPU
		{679AF14D-8FF5-4608-BFF8-EC1A7DED04A4}.Release|Any CPU.ActiveCfg = Release|Any CPU
		{679AF14D-8FF5-4608-BFF8-EC1A7DED04A4}.Release|Any CPU.Build.0 = Release|Any CPU
	EndGlobalSection
	GlobalSection(SolutionProperties) = preSolution
		HideSolutionNode = FALSE
	EndGlobalSection
	GlobalSection(ExtensibilityGlobals) = postSolution
		SolutionGuid = {611D5DA2-8CE2-4704-B07D-3D931E4DC9E2}
	EndGlobalSection
EndGlobal
